
Microsoft Visual Studio Solution File, Format Version 12.00
# Visual Studio 15
VisualStudioVersion = 15.0.27428.2015
MinimumVisualStudioVersion = 10.0.40219.1
Project("{FAE04EC0-301F-11D3-BF4B-00C04F79EFBC}") = "SkypeBot", "SkypeBot\SkypeBot.csproj", "{B0EF6F4F-EE48-46C9-A4EE-BC7CC9569CC2}"
EndProject
Global
	GlobalSection(SolutionConfigurationPlatforms) = preSolution
		Debug|Any CPU = Debug|Any CPU
		Release|Any CPU = Release|Any CPU
	EndGlobalSection
	GlobalSection(ProjectConfigurationPlatforms) = postSolution
		{B0EF6F4F-EE48-46C9-A4EE-BC7CC9569CC2}.Debug|Any CPU.ActiveCfg = Debug|Any CPU
		{B0EF6F4F-EE48-46C9-A4EE-BC7CC9569CC2}.Debug|Any CPU.Build.0 = Debug|Any CPU
		{B0EF6F4F-EE48-46C9-A4EE-BC7CC9569CC2}.Release|Any CPU.ActiveCfg = Release|Any CPU
		{B0EF6F4F-EE48-46C9-A4EE-BC7CC9569CC2}.Release|Any CPU.Build.0 = Release|Any CPU
	EndGlobalSection
	GlobalSection(SolutionProperties) = preSolution
		HideSolutionNode = FALSE
	EndGlobalSection
	GlobalSection(ExtensibilityGlobals) = postSolution
		SolutionGuid = {7C01CE70-1B2C-4959-A4C5-28BB92D25D8D}
	EndGlobalSection
EndGlobal
